
Microsoft Visual Studio Solution File, Format Version 12.00
# Visual Studio Version 16
VisualStudioVersion = 16.0.29926.136
MinimumVisualStudioVersion = 10.0.40219.1
Project("{FAE04EC0-301F-11D3-BF4B-00C04F79EFBC}") = "SuperMarketManager", "SuperMarketManager\SuperMarketManager.csproj", "{A8EF8C67-BFB0-4E52-A627-04FD6E7621C7}"
EndProject
Global
	GlobalSection(SolutionConfigurationPlatforms) = preSolution
		Debug|Any CPU = Debug|Any CPU
		Release|Any CPU = Release|Any CPU
	EndGlobalSection
	GlobalSection(ProjectConfigurationPlatforms) = postSolution
		{A8EF8C67-BFB0-4E52-A627-04FD6E7621C7}.Debug|Any CPU.ActiveCfg = Debug|Any CPU
		{A8EF8C67-BFB0-4E52-A627-04FD6E7621C7}.Debug|Any CPU.Build.0 = Debug|Any CPU
		{A8EF8C67-BFB0-4E52-A627-04FD6E7621C7}.Release|Any CPU.ActiveCfg = Release|Any CPU
		{A8EF8C67-BFB0-4E52-A627-04FD6E7621C7}.Release|Any CPU.Build.0 = Release|Any CPU
	EndGlobalSection
	GlobalSection(SolutionProperties) = preSolution
		HideSolutionNode = FALSE
	EndGlobalSection
	GlobalSection(ExtensibilityGlobals) = postSolution
		SolutionGuid = {65646502-7C78-4124-99FD-EC05925B589B}
	EndGlobalSection
EndGlobal
